// !$*UTF8*$!
{
	archiveVersion = 1;
	classes = {
	};
	objectVersion = 46;
	objects = {

/* Begin PBXBuildFile section */
		FD6C702C1F188549009F6614 /* AppDelegate.swift in Sources */ = {isa = PBXBuildFile; fileRef = FD6C702B1F188549009F6614 /* AppDelegate.swift */; };
		FD6C702E1F188549009F6614 /* ViewController.swift in Sources */ = {isa = PBXBuildFile; fileRef = FD6C702D1F188549009F6614 /* ViewController.swift */; };
		FD6C70311F188549009F6614 /* Main.storyboard in Resources */ = {isa = PBXBuildFile; fileRef = FD6C702F1F188549009F6614 /* Main.storyboard */; };
		FD6C70341F188549009F6614 /* TestGitConfict.xcdatamodeld in Sources */ = {isa = PBXBuildFile; fileRef = FD6C70321F188549009F6614 /* TestGitConfict.xcdatamodeld */; };
		FD6C70361F188549009F6614 /* Assets.xcassets in Resources */ = {isa = PBXBuildFile; fileRef = FD6C70351F188549009F6614 /* Assets.xcassets */; };
		FD6C70391F188549009F6614 /* LaunchScreen.storyboard in Resources */ = {isa = PBXBuildFile; fileRef = FD6C70371F188549009F6614 /* LaunchScreen.storyboard */; };
/* End PBXBuildFile section */

/* Begin PBXFileReference section */
		FD6C70281F188549009F6614 /* TestGitConfict.app */ = {isa = PBXFileReference; explicitFileType = wrapper.application; includeInIndex = 0; path = TestGitConfict.app; sourceTree = BUILT_PRODUCTS_DIR; };
		FD6C702B1F188549009F6614 /* AppDelegate.swift */ = {isa = PBXFileReference; lastKnownFileType = sourcecode.swift; path = AppDelegate.swift; sourceTree = "<group>"; };
		FD6C702D1F188549009F6614 /* ViewController.swift */ = {isa = PBXFileReference; lastKnownFileType = sourcecode.swift; path = ViewController.swift; sourceTree = "<group>"; };
		FD6C70301F188549009F6614 /* Base */ = {isa = PBXFileReference; lastKnownFileType = file.storyboard; name = Base; path = Base.lproj/Main.storyboard; sourceTree = "<group>"; };
		FD6C70331F188549009F6614 /* TestGitConfict.xcdatamodel */ = {isa = PBXFileReference; lastKnownFileType = wrapper.xcdatamodel; path = TestGitConfict.xcdatamodel; sourceTree = "<group>"; };
		FD6C70351F188549009F6614 /* Assets.xcassets */ = {isa = PBXFileReference; lastKnownFileType = folder.assetcatalog; path = Assets.xcassets; sourceTree = "<group>"; };
		FD6C70381F188549009F6614 /* Base */ = {isa = PBXFileReference; lastKnownFileType = file.storyboard; name = Base; path = Base.lproj/LaunchScreen.storyboard; sourceTree = "<group>"; };
		FD6C703A1F188549009F6614 /* Info.plist */ = {isa = PBXFileReference; lastKnownFileType = text.plist.xml; path = Info.plist; sourceTree = "<group>"; };
/* End PBXFileReference section */

/* Begin PBXFrameworksBuildPhase section */
		FD6C70251F188549009F6614 /* Frameworks */ = {
			isa = PBXFrameworksBuildPhase;
			buildActionMask = 2147483647;
			files = (
			);
			runOnlyForDeploymentPostprocessing = 0;
		};
/* End PBXFrameworksBuildPhase section */

/* Begin PBXGroup section */
		FD6C701F1F188549009F6614 = {
			isa = PBXGroup;
			children = (
				FD6C702A1F188549009F6614 /* TestGitConfict */,
				FD6C70291F188549009F6614 /* Products */,
			);
			sourceTree = "<group>";
		};
		FD6C70291F188549009F6614 /* Products */ = {
			isa = PBXGroup;
			children = (
				FD6C70281F188549009F6614 /* TestGitConfict.app */,
			);
			name = Products;
			sourceTree = "<group>";
		};
		FD6C702A1F188549009F6614 /* TestGitConfict */ = {
			isa = PBXGroup;
			children = (
				FD6C702B1F188549009F6614 /* AppDelegate.swift */,
				FD6C702D1F188549009F6614 /* ViewController.swift */,
				FD6C702F1F188549009F6614 /* Main.storyboard */,
				FD6C70351F188549009F6614 /* Assets.xcassets */,
				FD6C70371F188549009F6614 /* LaunchScreen.storyboard */,
				FD6C703A1F188549009F6614 /* Info.plist */,
				FD6C70321F188549009F6614 /* TestGitConfict.xcdatamodeld */,
			);
			path = TestGitConfict;
			sourceTree = "<group>";
		};
/* End PBXGroup section */

/* Begin PBXNativeTarget section */
		FD6C70271F188549009F6614 /* TestGitConfict */ = {
			isa = PBXNativeTarget;
			buildConfigurationList = FD6C703D1F188549009F6614 /* Build configuration list for PBXNativeTarget "TestGitConfict" */;
			buildPhases = (
				FD6C70241F188549009F6614 /* Sources */,
				FD6C70251F188549009F6614 /* Frameworks */,
				FD6C70261F188549009F6614 /* Resources */,
			);
			buildRules = (
			);
			dependencies = (
			);
			name = TestGitConfict;
			productName = TestGitConfict;
			productReference = FD6C70281F188549009F6614 /* TestGitConfict.app */;
			productType = "com.apple.product-type.application";
		};
/* End PBXNativeTarget section */

/* Begin PBXProject section */
		FD6C70201F188549009F6614 /* Project object */ = {
			isa = PBXProject;
			attributes = {
				LastSwiftUpdateCheck = 0830;
				LastUpgradeCheck = 0830;
				ORGANIZATIONNAME = "Tien Dinh";
				TargetAttributes = {
					FD6C70271F188549009F6614 = {
						CreatedOnToolsVersion = 8.3.3;
						ProvisioningStyle = Automatic;
					};
				};
			};
			buildConfigurationList = FD6C70231F188549009F6614 /* Build configuration list for PBXProject "TestGitConfict" */;
			compatibilityVersion = "Xcode 3.2";
			developmentRegion = English;
			hasScannedForEncodings = 0;
			knownRegions = (
				en,
				Base,
			);
			mainGroup = FD6C701F1F188549009F6614;
			productRefGroup = FD6C70291F188549009F6614 /* Products */;
			projectDirPath = "";
			projectRoot = "";
			targets = (
				FD6C70271F188549009F6614 /* TestGitConfict */,
			);
		};
/* End PBXProject section */

/* Begin PBXResourcesBuildPhase section */
		FD6C70261F188549009F6614 /* Resources */ = {
			isa = PBXResourcesBuildPhase;
			buildActionMask = 2147483647;
			files = (
				FD6C70391F188549009F6614 /* LaunchScreen.storyboard in Resources */,
				FD6C70361F188549009F6614 /* Assets.xcassets in Resources */,
				FD6C70311F188549009F6614 /* Main.storyboard in Resources */,
			);
			runOnlyForDeploymentPostprocessing = 0;
		};
/* End PBXResourcesBuildPhase section */

/* Begin PBXSourcesBuildPhase section */
		FD6C70241F188549009F6614 /* Sources */ = {
			isa = PBXSourcesBuildPhase;
			buildActionMask = 2147483647;
			files = (
				FD6C702E1F188549009F6614 /* ViewController.swift in Sources */,
				FD6C70341F188549009F6614 /* TestGitConfict.xcdatamodeld in Sources */,
				FD6C702C1F188549009F6614 /* AppDelegate.swift in Sources */,
			);
			runOnlyForDeploymentPostprocessing = 0;
		};
/* End PBXSourcesBuildPhase section */

/* Begin PBXVariantGroup section */
		FD6C702F1F188549009F6614 /* Main.storyboard */ = {
			isa = PBXVariantGroup;
			children = (
				FD6C70301F188549009F6614 /* Base */,
			);
			name = Main.storyboard;
			sourceTree = "<group>";
		};
		FD6C70371F188549009F6614 /* LaunchScreen.storyboard */ = {
			isa = PBXVariantGroup;
			children = (
				FD6C70381F188549009F6614 /* Base */,
			);
			name = LaunchScreen.storyboard;
			sourceTree = "<group>";
		};
/* End PBXVariantGroup section */

/* Begin XCBuildConfiguration section */
		FD6C703B1F188549009F6614 /* Debug */ = {
			isa = XCBuildConfiguration;
			buildSettings = {
				ALWAYS_SEARCH_USER_PATHS = NO;
				CLANG_ANALYZER_NONNULL = YES;
				CLANG_ANALYZER_NUMBER_OBJECT_CONVERSION = YES_AGGRESSIVE;
				CLANG_CXX_LANGUAGE_STANDARD = "gnu++0x";
				CLANG_CXX_LIBRARY = "libc++";
				CLANG_ENABLE_MODULES = YES;
				CLANG_ENABLE_OBJC_ARC = YES;
				CLANG_WARN_BOOL_CONVERSION = YES;
				CLANG_WARN_CONSTANT_CONVERSION = YES;
				CLANG_WARN_DIRECT_OBJC_ISA_USAGE = YES_ERROR;
				CLANG_WARN_DOCUMENTATION_COMMENTS = YES;
				CLANG_WARN_EMPTY_BODY = YES;
				CLANG_WARN_ENUM_CONVERSION = YES;
				CLANG_WARN_INFINITE_RECURSION = YES;
				CLANG_WARN_INT_CONVERSION = YES;
				CLANG_WARN_OBJC_ROOT_CLASS = YES_ERROR;
				CLANG_WARN_SUSPICIOUS_MOVE = YES;
				CLANG_WARN_UNREACHABLE_CODE = YES;
				CLANG_WARN__DUPLICATE_METHOD_MATCH = YES;
				"CODE_SIGN_IDENTITY[sdk=iphoneos*]" = "iPhone Developer";
				COPY_PHASE_STRIP = NO;
				DEBUG_INFORMATION_FORMAT = dwarf;
				ENABLE_STRICT_OBJC_MSGSEND = YES;
				ENABLE_TESTABILITY = YES;
				GCC_C_LANGUAGE_STANDARD = gnu99;
				GCC_DYNAMIC_NO_PIC = NO;
				GCC_NO_COMMON_BLOCKS = YES;
				GCC_OPTIMIZATION_LEVEL = 0;
				GCC_PREPROCESSOR_DEFINITIONS = (
					"DEBUG=1",
					"$(inherited)",
				);
				GCC_WARN_64_TO_32_BIT_CONVERSION = YES;
				GCC_WARN_ABOUT_RETURN_TYPE = YES_ERROR;
				GCC_WARN_UNDECLARED_SELECTOR = YES;
				GCC_WARN_UNINITIALIZED_AUTOS = YES_AGGRESSIVE;
				GCC_WARN_UNUSED_FUNCTION = YES;
				GCC_WARN_UNUSED_VARIABLE = YES;
				IPHONEOS_DEPLOYMENT_TARGET = 10.3;
				MTL_ENABLE_DEBUG_INFO = YES;
				ONLY_ACTIVE_ARCH = YES;
				SDKROOT = iphoneos;
				SWIFT_ACTIVE_COMPILATION_CONDITIONS = DEBUG;
				SWIFT_OPTIMIZATION_LEVEL = "-Onone";
				TARGETED_DEVICE_FAMILY = "1,2";
			};
			name = Debug;
		};
		FD6C703C1F188549009F6614 /* Release */ = {
			isa = XCBuildConfiguration;
			buildSettings = {
				ALWAYS_SEARCH_USER_PATHS = NO;
				CLANG_ANALYZER_NONNULL = YES;
				CLANG_ANALYZER_NUMBER_OBJECT_CONVERSION = YES_AGGRESSIVE;
				CLANG_CXX_LANGUAGE_STANDARD = "gnu++0x";
				CLANG_CXX_LIBRARY = "libc++";
				CLANG_ENABLE_MODULES = YES;
				CLANG_ENABLE_OBJC_ARC = YES;
				CLANG_WARN_BOOL_CONVERSION = YES;
				CLANG_WARN_CONSTANT_CONVERSION = YES;
				CLANG_WARN_DIRECT_OBJC_ISA_USAGE = YES_ERROR;
				CLANG_WARN_DOCUMENTATION_COMMENTS = YES;
				CLANG_WARN_EMPTY_BODY = YES;
				CLANG_WARN_ENUM_CONVERSION = YES;
				CLANG_WARN_INFINITE_RECURSION = YES;
				CLANG_WARN_INT_CONVERSION = YES;
				CLANG_WARN_OBJC_ROOT_CLASS = YES_ERROR;
				CLANG_WARN_SUSPICIOUS_MOVE = YES;
				CLANG_WARN_UNREACHABLE_CODE = YES;
				CLANG_WARN__DUPLICATE_METHOD_MATCH = YES;
				"CODE_SIGN_IDENTITY[sdk=iphoneos*]" = "iPhone Developer";
				COPY_PHASE_STRIP = NO;
				DEBUG_INFORMATION_FORMAT = "dwarf-with-dsym";
				ENABLE_NS_ASSERTIONS = NO;
				ENABLE_STRICT_OBJC_MSGSEND = YES;
				GCC_C_LANGUAGE_STANDARD = gnu99;
				GCC_NO_COMMON_BLOCKS = YES;
				GCC_WARN_64_TO_32_BIT_CONVERSION = YES;
				GCC_WARN_ABOUT_RETURN_TYPE = YES_ERROR;
				GCC_WARN_UNDECLARED_SELECTOR = YES;
				GCC_WARN_UNINITIALIZED_AUTOS = YES_AGGRESSIVE;
				GCC_WARN_UNUSED_FUNCTION = YES;
				GCC_WARN_UNUSED_VARIABLE = YES;
				IPHONEOS_DEPLOYMENT_TARGET = 10.3;
				MTL_ENABLE_DEBUG_INFO = NO;
				SDKROOT = iphoneos;
				SWIFT_OPTIMIZATION_LEVEL = "-Owholemodule";
				TARGETED_DEVICE_FAMILY = "1,2";
				VALIDATE_PRODUCT = YES;
			};
			name = Release;
		};
		FD6C703E1F188549009F6614 /* Debug */ = {
			isa = XCBuildConfiguration;
			buildSettings = {
				ASSETCATALOG_COMPILER_APPICON_NAME = AppIcon;
				INFOPLIST_FILE = TestGitConfict/Info.plist;
				LD_RUNPATH_SEARCH_PATHS = "$(inherited) @executable_path/Frameworks";
				PRODUCT_BUNDLE_IDENTIFIER = vinova.TestGitConfict;
				PRODUCT_NAME = "$(TARGET_NAME)";
				SWIFT_VERSION = 3.0;
			};
			name = Debug;
		};
		FD6C703F1F188549009F6614 /* Release */ = {
			isa = XCBuildConfiguration;
			buildSettings = {
				ASSETCATALOG_COMPILER_APPICON_NAME = AppIcon;
				INFOPLIST_FILE = TestGitConfict/Info.plist;
				LD_RUNPATH_SEARCH_PATHS = "$(inherited) @executable_path/Frameworks";
				PRODUCT_BUNDLE_IDENTIFIER = vinova.TestGitConfict;
				PRODUCT_NAME = "$(TARGET_NAME)";
				SWIFT_VERSION = 3.0;
			};
			name = Release;
		};
/* End XCBuildConfiguration section */

/* Begin XCConfigurationList section */
		FD6C70231F188549009F6614 /* Build configuration list for PBXProject "TestGitConfict" */ = {
			isa = XCConfigurationList;
			buildConfigurations = (
				FD6C703B1F188549009F6614 /* Debug */,
				FD6C703C1F188549009F6614 /* Release */,
			);
			defaultConfigurationIsVisible = 0;
			defaultConfigurationName = Release;
		};
		FD6C703D1F188549009F6614 /* Build configuration list for PBXNativeTarget "TestGitConfict" */ = {
			isa = XCConfigurationList;
			buildConfigurations = (
				FD6C703E1F188549009F6614 /* Debug */,
				FD6C703F1F188549009F6614 /* Release */,
			);
			defaultConfigurationIsVisible = 0;
		};
/* End XCConfigurationList section */

/* Begin XCVersionGroup section */
		FD6C70321F188549009F6614 /* TestGitConfict.xcdatamodeld */ = {
			isa = XCVersionGroup;
			children = (
				FD6C70331F188549009F6614 /* TestGitConfict.xcdatamodel */,
			);
			currentVersion = FD6C70331F188549009F6614 /* TestGitConfict.xcdatamodel */;
			path = TestGitConfict.xcdatamodeld;
			sourceTree = "<group>";
			versionGroupType = wrapper.xcdatamodel;
		};
/* End XCVersionGroup section */
	};
	rootObject = FD6C70201F188549009F6614 /* Project object */;
}
